
Microsoft Visual Studio Solution File, Format Version 12.00
# Visual Studio Version 16
VisualStudioVersion = 16.0.29001.49
MinimumVisualStudioVersion = 10.0.40219.1
Project("{FAE04EC0-301F-11D3-BF4B-00C04F79EFBC}") = "MovieSite", "MovieSite.csproj", "{78F040D5-C955-4ED1-B2BC-CF65069B5FAB}"
EndProject
Global
	GlobalSection(SolutionConfigurationPlatforms) = preSolution
		Debug|Any CPU = Debug|Any CPU
		Release|Any CPU = Release|Any CPU
	EndGlobalSection
	GlobalSection(ProjectConfigurationPlatforms) = postSolution
		{78F040D5-C955-4ED1-B2BC-CF65069B5FAB}.Debug|Any CPU.ActiveCfg = Debug|Any CPU
		{78F040D5-C955-4ED1-B2BC-CF65069B5FAB}.Debug|Any CPU.Build.0 = Debug|Any CPU
		{78F040D5-C955-4ED1-B2BC-CF65069B5FAB}.Release|Any CPU.ActiveCfg = Release|Any CPU
		{78F040D5-C955-4ED1-B2BC-CF65069B5FAB}.Release|Any CPU.Build.0 = Release|Any CPU
	EndGlobalSection
	GlobalSection(SolutionProperties) = preSolution
		HideSolutionNode = FALSE
	EndGlobalSection
	GlobalSection(ExtensibilityGlobals) = postSolution
		SolutionGuid = {5E22103A-B995-4818-84E9-34A7FEB19E36}
	EndGlobalSection
EndGlobal
